#MicroXplorer Configuration settings - do not modify
Mcu.Family=STM32F4
STMicroelectronics.X-CUBE-BLE2.3.2.00.BSP.solution=PA0-WKUP
ProjectManager.MainLocation=Core/Src
STMicroelectronics.X-CUBE-BLE2.3.2.03.BSP.i2creg=
PA6.Mode=Full_Duplex_Master
STMicroelectronics.X-CUBE-BLE2.3.2.03.BSP.name=BSP LED
USART2.IPParameters=VirtualMode
RCC.CortexFreq_Value=84000000
SPI3.Direction=SPI_DIRECTION_2LINES
SPI3.VirtualType=VM_MASTER
ProjectManager.KeepUserCode=true
Mcu.UserName=STM32F401RETx
SPI1.VirtualType=VM_MASTER
STMicroelectronics.X-CUBE-BLE2.3.2.04.BSP.instance=PA1
RCC.PLLCLKFreq_Value=84000000
PC10.Signal=SPI3_SCK
PC12.Signal=SPI3_MOSI
PA14.GPIO_Label=TCK
RCC.PLLQCLKFreq_Value=48000000
STMicroelectronics.X-CUBE-BLE2.3.2.04.BSP.mode=Output
ProjectManager.functionlistsort=1-MX_GPIO_Init-GPIO-false-HAL-true,2-SystemClock_Config-RCC-false-HAL-false,3-MX_I2C1_Init-I2C1-false-HAL-true,4-MX_SPI3_Init-SPI3-false-HAL-true,5-MX_I2C3_Init-I2C3-false-HAL-true,6-MX_BlueNRG_2_Init-STMicroelectronics.X-CUBE-BLE2.3.2.0-false-HAL-false,7-MX_BlueNRG_2_Process-STMicroelectronics.X-CUBE-BLE2.3.2.0-false-HAL-false
PC6.GPIO_Label=LCD_RS
STMicroelectronics.X-CUBE-BLE2.3.2.04.BSP.ip=GPIO
RCC.RTCFreq_Value=32000
STMicroelectronics.X-CUBE-BLE2.3.2.02.BSP.ip=UART|USART|LPUART
STMicroelectronics.X-CUBE-BLE2.3.2.06.BSP.ip=GPIO
STMicroelectronics.X-CUBE-BLE2.3.2.02.BSP.api=BSP_COMMON_DRIVER
STMicroelectronics.X-CUBE-BLE2.3.2.00.BSP.ip=GPIO
PinOutPanel.RotationAngle=0
STMicroelectronics.X-CUBE-BLE2.3.2.02.BSP.condition=SEMBLE2IiApplicationsCcDeviceJjApplicationJjSensorDemoBLESensor | SEMBLE2IiApplicationsCcDeviceJjApplicationJjSampleApp | SEMBLE2IiApplicationsCcDeviceJjApplicationJjBeacon | SEMBLE2IiApplicationsCcDeviceJjApplicationJjCentral | SEMBLE2IiApplicationsCcDeviceJjApplicationJjVirtualCOMPort | SEMBLE2IiApplicationsCcDeviceJjApplicationJjIFRStackUpdater
RCC.SYSCLKSource=RCC_SYSCLKSOURCE_PLLCLK
ProjectManager.StackSize=0xD00
PB5.GPIOParameters=GPIO_Label
STMicroelectronics.X-CUBE-BLE2.3.2.01.BSP.solution=PC13-ANTI_TAMP
SH.GPXTI13.0=GPIO_EXTI13
STMicroelectronics.X-CUBE-BLE2.3.2.0.BlueNRGAa2CcWirelessJjBlueNRGAa2JjHCIIiTLIiINTERFACE=UserBoard
Mcu.IP4=SPI1
STMicroelectronics.X-CUBE-BLE2.3.2.03.BSP.semaphore=
RCC.FCLKCortexFreq_Value=84000000
Mcu.IP5=SPI3
Mcu.IP2=NVIC
NVIC.SVCall_IRQn=true\:0\:0\:false\:false\:true\:false\:false
Mcu.IP3=RCC
Mcu.IP0=I2C1
Mcu.IP1=I2C3
Mcu.UserConstants=
STMicroelectronics.X-CUBE-BLE2.3.2.01.BSP.STBoard=false
PH0\ -\ OSC_IN.Signal=RCC_OSC_IN
STMicroelectronics.X-CUBE-BLE2.3.2.04.BSP.i2creg=
STMicroelectronics.X-CUBE-BLE2.3.2.00.BSP.STBoard=false
SH.GPXTI13.ConfNb=1
STMicroelectronics.X-CUBE-BLE2.3.2.05.BSP.instance=SPI1
PH0\ -\ OSC_IN.Locked=true
Mcu.ThirdPartyNb=1
SPI1.Direction=SPI_DIRECTION_2LINES
RCC.HCLKFreq_Value=84000000
Mcu.IPNb=8
RCC.I2SClocksFreq_Value=96000000
STMicroelectronics.X-CUBE-BLE2.3.2.03.BSP.instance=PA5
ProjectManager.PreviousToolchain=
RCC.APB2TimFreq_Value=84000000
STMicroelectronics.X-CUBE-BLE2.3.2.05.BSP.name=BUS IO driver
STMicroelectronics.X-CUBE-BLE2.3.2.06.BSP.component=
RCC.VcooutputI2S=96000000
Mcu.Pin6=PA1
STMicroelectronics.X-CUBE-BLE2.3.2.02.BSP.i2creg=
Mcu.Pin7=PA2
Mcu.Pin8=PA3
Mcu.Pin9=PA5
STMicroelectronics.X-CUBE-BLE2.3.2.02.BSP.STBoard=false
RCC.AHBFreq_Value=84000000
Mcu.Pin0=PC13-ANTI_TAMP
SPI3.DataSize=SPI_DATASIZE_16BIT
STMicroelectronics.X-CUBE-BLE2.3.2.04.BSP.semaphore=
Mcu.Pin1=PC14-OSC32_IN
STMicroelectronics.X-CUBE-BLE2.3.2.03.BSP.STBoard=false
GPIO.groupedBy=Group By Peripherals
Mcu.Pin2=PC15-OSC32_OUT
Mcu.Pin3=PH0 - OSC_IN
STMicroelectronics.X-CUBE-BLE2.3.2.0.IPParameters=BlueNRGAa2CcWirelessJjBlueNRGAa2JjController,BlueNRGAa2CcWirelessJjBlueNRGAa2JjUtils,BlueNRGAa2CcWirelessJjBlueNRGAa2JjHCIIiTL,BlueNRGAa2CcWirelessJjBlueNRGAa2JjHCIIiTLIiINTERFACE,BLE2IiApplicationsCcDeviceJjApplication
NVIC.EXTI15_10_IRQn=true\:0\:0\:false\:false\:true\:true\:true
Mcu.Pin4=PH1 - OSC_OUT
Mcu.Pin5=PA0-WKUP
STMicroelectronics.X-CUBE-BLE2.3.2.04.BSP.STBoard=false
STMicroelectronics.X-CUBE-BLE2.3.2.02.BSP.mode=Asynchronous
ProjectManager.ProjectBuild=false
RCC.HSE_VALUE=8000000
NVIC.UsageFault_IRQn=true\:0\:0\:false\:false\:true\:true\:false
STMicroelectronics.X-CUBE-BLE2.3.2.05.BSP.STBoard=false
NVIC.DebugMonitor_IRQn=true\:0\:0\:false\:false\:true\:true\:false
PB3.Mode=Full_Duplex_Master
STMicroelectronics.X-CUBE-BLE2.3.2.06.BSP.STBoard=false
PC13-ANTI_TAMP.Signal=GPXTI13
NVIC.SysTick_IRQn=true\:0\:0\:true\:false\:true\:true\:true
PB12.GPIO_Label=CS_LCD
STMicroelectronics.X-CUBE-BLE2.3.2.06.BSP.instance=PA10
ProjectManager.FirmwarePackage=STM32Cube FW_F4 V1.26.1
MxDb.Version=DB.6.0.21
Mcu.ThirdParty0=STMicroelectronics.X-CUBE-BLE2.3.2.0
ProjectManager.BackupPrevious=false
PC14-OSC32_IN.Mode=LSE-External-Oscillator
RCC.VCOInputFreq_Value=1000000
STMicroelectronics.X-CUBE-BLE2.3.2.03.BSP.component=
STMicroelectronics.X-CUBE-BLE2.3.2.06.BSP.mode=Output
STMicroelectronics.X-CUBE-BLE2.3.2.02.BSP.instance=USART2
STMicroelectronics.X-CUBE-BLE2.3.2.00.BSP.mode=EXTI
STMicroelectronics.X-CUBE-BLE2.3.2.03.BSP.condition=SEMBLE2IiApplicationsCcDeviceJjApplicationJjSensorDemoBLESensor | SEMBLE2IiApplicationsCcDeviceJjApplicationJjSampleApp | SEMBLE2IiApplicationsCcDeviceJjApplicationJjBeacon | SEMBLE2IiApplicationsCcDeviceJjApplicationJjCentral | SEMBLE2IiApplicationsCcDeviceJjApplicationJjIFRStackUpdater
File.Version=6
PC9.Mode=I2C
PB8.Locked=true
PA8.Signal=I2C3_SCL
NVIC.PendSV_IRQn=true\:0\:0\:false\:false\:true\:false\:false
ProjectManager.HalAssertFull=false
ProjectManager.ProjectName=Nucleo_STM32F401_RE_BT_LCD_4
VP_STMicroelectronics.X-CUBE-BLE2_VS_DeviceJjBLE2IiApplications_3.2.0.Signal=STMicroelectronics.X-CUBE-BLE2_VS_DeviceJjBLE2IiApplications_3.2.0
RCC.MCO2PinFreq_Value=84000000
STMicroelectronics.X-CUBE-BLE2.3.2.04.BSP.api=Unknown
PC8.GPIOParameters=GPIO_Label
Mcu.Package=LQFP64
PB9.Signal=I2C1_SDA
PA6.Signal=SPI1_MISO
PA5.Locked=true
STMicroelectronics.X-CUBE-BLE2.3.2.0.BSP.number=7
SPI3.Mode=SPI_MODE_MASTER
STMicroelectronics.X-CUBE-BLE2.3.2.00.BSP.condition=SEMBlueNRGAa2CcWirelessJjBlueNRGAa2JjHCIIiTLIiINTERFACEJjUserBoard
STMicroelectronics.X-CUBE-BLE2.3.2.00.BSP.component=
USART2.VirtualMode=VM_ASYNC
PA14.Locked=true
ProjectManager.ToolChainLocation=
RCC.LSI_VALUE=32000
STMicroelectronics.X-CUBE-BLE2.3.2.04.BSP.name=CS Line
SH.GPXTI0.0=GPIO_EXTI0
VP_SYS_VS_Systick.Signal=SYS_VS_Systick
STMicroelectronics.X-CUBE-BLE2.3.2.0.BLE2IiApplicationsCcDeviceJjApplication=SensorDemoBLESensor
PA10.Signal=GPIO_Output
PC11.Mode=Full_Duplex_Master
STMicroelectronics.X-CUBE-BLE2.3.2.01.BSP.condition=SEMBLE2IiApplicationsCcDeviceJjApplicationJjSensorDemoBLESensor | SEMBLE2IiApplicationsCcDeviceJjApplicationJjSampleApp
PB5.GPIO_Label=BLE_LED
RCC.APB1TimFreq_Value=84000000
NVIC.BusFault_IRQn=true\:0\:0\:false\:false\:true\:true\:false
STMicroelectronics.X-CUBE-BLE2.3.2.01.BSP.component=
SPI3.IPParameters=VirtualType,Mode,Direction,DataSize
STMicroelectronics.X-CUBE-BLE2.3.2.0_SwParameter=BlueNRGAa2CcWirelessJjBlueNRGAa2JjHCIIiTLIiINTERFACE\:UserBoard;BLE2IiApplicationsCcDeviceJjApplication\:SensorDemoBLESensor;BlueNRGAa2CcWirelessJjBlueNRGAa2JjUtils\:true;BlueNRGAa2CcWirelessJjBlueNRGAa2JjController\:true;BlueNRGAa2CcWirelessJjBlueNRGAa2JjHCIIiTL\:Basic;
SPI1.BaudRatePrescaler=SPI_BAUDRATEPRESCALER_64
STMicroelectronics.X-CUBE-BLE2.3.2.01.BSP.ip=GPIO
STMicroelectronics.X-CUBE-BLE2.3.2.01.BSP.api=BSP_COMMON_DRIVER
ProjectManager.CustomerFirmwarePackage=
PC14-OSC32_IN.Locked=true
STMicroelectronics.X-CUBE-BLE2.3.2.01.BSP.name=BSP BUTTON
STMicroelectronics.X-CUBE-BLE2.3.2.02.BSP.component=
PA3.Signal=USART2_RX
PC13-ANTI_TAMP.GPIOParameters=GPIO_PuPd,GPIO_Label,GPIO_ModeDefaultEXTI
PC15-OSC32_OUT.Mode=LSE-External-Oscillator
STMicroelectronics.X-CUBE-BLE2.3.2.00.BSP.i2creg=
STMicroelectronics.X-CUBE-BLE2.3.2.04.BSP.solution=PA1
ProjectManager.ProjectFileName=Nucleo_STM32F401_RE_BT_LCD_4.ioc
STMicroelectronics.X-CUBE-BLE2.3.2.06.BSP.semaphore=
STMicroelectronics.X-CUBE-BLE2.3.2.06.BSP.api=Unknown
PA7.Mode=Full_Duplex_Master
STMicroelectronics.X-CUBE-BLE2.3.2.00.BSP.instance=PA0-WKUP
STMicroelectronics.X-CUBE-BLE2.3.2.03.BSP.mode=Output
Mcu.PinsNb=29
PC13-ANTI_TAMP.GPIO_PuPd=GPIO_NOPULL
ProjectManager.NoMain=false
SPI1.IPParameters=VirtualType,Mode,Direction,BaudRatePrescaler,CLKPhase
PC13-ANTI_TAMP.GPIO_Label=B1 [Blue PushButton]
STMicroelectronics.X-CUBE-BLE2.3.2.01.BSP.semaphore=
PC11.Signal=SPI3_MISO
PH1\ -\ OSC_OUT.Mode=HSE-External-Clock-Source
PC8.Signal=GPIO_Output
PC6.Signal=GPIO_Output
PC10.Mode=Full_Duplex_Master
SH.GPXTI0.ConfNb=1
ProjectManager.DefaultFWLocation=true
SPI1.CLKPhase=SPI_PHASE_2EDGE
PB12.Locked=true
ProjectManager.DeletePrevious=true
VP_STMicroelectronics.X-CUBE-BLE2_VS_WirelessJjBlueNRGAa2_3.2.0.Signal=STMicroelectronics.X-CUBE-BLE2_VS_WirelessJjBlueNRGAa2_3.2.0
STMicroelectronics.X-CUBE-BLE2.3.2.06.BSP.i2creg=
RCC.APB1CLKDivider=RCC_HCLK_DIV2
PC14-OSC32_IN.Signal=RCC_OSC32_IN
boardIOC=true
PH1\ -\ OSC_OUT.Locked=true
STMicroelectronics.X-CUBE-BLE2.3.2.04.BSP.component=
PA0-WKUP.Signal=GPXTI0
PA0-WKUP.Locked=true
STMicroelectronics.X-CUBE-BLE2.3.2.03.BSP.solution=PA5
STMicroelectronics.X-CUBE-BLE2.3.2.05.BSP.condition=SEMBlueNRGAa2CcWirelessJjBlueNRGAa2JjHCIIiTLIiINTERFACEJjUserBoard
STMicroelectronics.X-CUBE-BLE2.3.2.05.BSP.solution=SPI1
PC8.GPIO_Label=LCD_RESET
PA3.Mode=Asynchronous
STMicroelectronics.X-CUBE-BLE2.3.2.05.BSP.mode=Full-Duplex Master
VP_STMicroelectronics.X-CUBE-BLE2_VS_WirelessJjBlueNRGAa2_3.2.0.Mode=WirelessJjBlueNRGAa2
PH0\ -\ OSC_IN.Mode=HSE-External-Clock-Source
PC15-OSC32_OUT.Locked=true
ProjectManager.TargetToolchain=STM32CubeIDE
STMicroelectronics.X-CUBE-BLE2.3.2.01.BSP.instance=PC13-ANTI_TAMP
STMicroelectronics.X-CUBE-BLE2.3.2.05.BSP.component=
PB9.Mode=I2C
PC6.Locked=true
STMicroelectronics.X-CUBE-BLE2.3.2.05.BSP.i2caddr=0
STMicroelectronics.X-CUBE-BLE2.3.2.0.BlueNRGAa2CcWirelessJjBlueNRGAa2JjHCIIiTL=Basic
STMicroelectronics.X-CUBE-BLE2.3.2.04.BSP.i2caddr=0
STMicroelectronics.X-CUBE-BLE2.3.2.06.BSP.i2caddr=0
STMicroelectronics.X-CUBE-BLE2.3.2.02.BSP.name=BSP USART
STMicroelectronics.X-CUBE-BLE2.3.2.03.BSP.i2caddr=0
PB5.Locked=true
PB9.Locked=true
STMicroelectronics.X-CUBE-BLE2.3.2.04.BSP.condition=SEMBlueNRGAa2CcWirelessJjBlueNRGAa2JjHCIIiTLIiINTERFACEJjUserBoard
ProjectManager.RegisterCallBack=
STMicroelectronics.X-CUBE-BLE2.3.2.03.BSP.ip=GPIO
PC15-OSC32_OUT.Signal=RCC_OSC32_OUT
STMicroelectronics.X-CUBE-BLE2.3.2.05.BSP.semaphore=
PA1.Signal=GPIO_Output
RCC.VCOI2SOutputFreq_Value=192000000
STMicroelectronics.X-CUBE-BLE2.3.2.01.BSP.i2creg=
PA5.Signal=GPIO_Output
STMicroelectronics.X-CUBE-BLE2.3.2.01.BSP.i2caddr=0
STMicroelectronics.X-CUBE-BLE2.3.2.00.BSP.i2caddr=0
STMicroelectronics.X-CUBE-BLE2.3.2.02.BSP.i2caddr=0
PC12.Mode=Full_Duplex_Master
STMicroelectronics.X-CUBE-BLE2.3.2.03.BSP.api=BSP_COMMON_DRIVER
PH1\ -\ OSC_OUT.Signal=RCC_OSC_OUT
board=NUCLEO-F401RE
RCC.VCOOutputFreq_Value=336000000
STMicroelectronics.X-CUBE-BLE2.3.2.02.BSP.solution=USART2
PC13-ANTI_TAMP.Locked=true
ProjectManager.LastFirmware=false
STMicroelectronics.X-CUBE-BLE2.3.2.0.WirelessJjBlueNRGAa2_Checked=true
RCC.APB2Freq_Value=84000000
STMicroelectronics.X-CUBE-BLE2.3.2.00.BSP.name=Exti Line
STMicroelectronics.X-CUBE-BLE2.3.2.06.BSP.solution=PA10
MxCube.Version=6.2.1
SPI1.Mode=SPI_MODE_MASTER
VP_SYS_VS_Systick.Mode=SysTick
STMicroelectronics.X-CUBE-BLE2.3.2.0.BlueNRGAa2CcWirelessJjBlueNRGAa2JjController=true
STMicroelectronics.X-CUBE-BLE2.3.2.0.BlueNRGAa2CcWirelessJjBlueNRGAa2JjUtils=true
STMicroelectronics.X-CUBE-BLE2.3.2.05.BSP.i2creg=
NVIC.NonMaskableInt_IRQn=true\:0\:0\:false\:false\:true\:true\:false
STMicroelectronics.X-CUBE-BLE2.3.2.02.BSP.semaphore=
ProjectManager.FreePins=false
RCC.IPParameters=48MHZClocksFreq_Value,AHBFreq_Value,APB1CLKDivider,APB1Freq_Value,APB1TimFreq_Value,APB2Freq_Value,APB2TimFreq_Value,CortexFreq_Value,FCLKCortexFreq_Value,HCLKFreq_Value,HSE_VALUE,HSI_VALUE,I2SClocksFreq_Value,LSI_VALUE,MCO2PinFreq_Value,PLLCLKFreq_Value,PLLN,PLLP,PLLQ,PLLQCLKFreq_Value,RTCFreq_Value,RTCHSEDivFreq_Value,SYSCLKFreq_VALUE,SYSCLKSource,VCOI2SOutputFreq_Value,VCOInputFreq_Value,VCOOutputFreq_Value,VcooutputI2S
VP_STMicroelectronics.X-CUBE-BLE2_VS_DeviceJjBLE2IiApplications_3.2.0.Mode=DeviceJjBLE2IiApplications
STMicroelectronics.X-CUBE-BLE2.3.2.06.BSP.condition=SEMBlueNRGAa2CcWirelessJjBlueNRGAa2JjHCIIiTLIiINTERFACEJjUserBoard
ProjectManager.AskForMigrate=true
Mcu.Name=STM32F401R(D-E)Tx
STMicroelectronics.X-CUBE-BLE2.3.2.00.BSP.api=HAL_EXTI_DRIVER
Mcu.Pin26=VP_SYS_VS_Systick
Mcu.Pin27=VP_STMicroelectronics.X-CUBE-BLE2_VS_WirelessJjBlueNRGAa2_3.2.0
RCC.RTCHSEDivFreq_Value=4000000
PA2.Signal=USART2_TX
Mcu.Pin24=PB8
ProjectManager.UnderRoot=true
Mcu.Pin25=PB9
Mcu.Pin28=VP_STMicroelectronics.X-CUBE-BLE2_VS_DeviceJjBLE2IiApplications_3.2.0
Mcu.IP6=SYS
Mcu.IP7=USART2
ProjectManager.CoupleFile=false
RCC.48MHZClocksFreq_Value=48000000
PB3.Signal=SPI1_SCK
NVIC.EXTI0_IRQn=true\:0\:0\:false\:false\:true\:true\:true
RCC.SYSCLKFreq_VALUE=84000000
PB5.Signal=GPIO_Input
Mcu.Pin22=PB3
Mcu.Pin23=PB5
PA1.Locked=true
Mcu.Pin20=PC11
Mcu.Pin21=PC12
PA10.Locked=true
NVIC.ForceEnableDMAVector=true
KeepUserPlacement=false
STMicroelectronics.X-CUBE-BLE2.3.2.05.BSP.api=BSP_BUS_DRIVER
PA14.GPIOParameters=GPIO_Label
NVIC.MemoryManagement_IRQn=true\:0\:0\:false\:false\:true\:true\:false
STMicroelectronics.X-CUBE-BLE2.3.2.0.DeviceJjBLE2IiApplications_Checked=true
ProjectManager.CompilerOptimize=6
PC13-ANTI_TAMP.GPIO_ModeDefaultEXTI=GPIO_MODE_IT_FALLING
PA14.Signal=SYS_JTCK-SWCLK
ProjectManager.HeapSize=0x200
Mcu.Pin15=PC9
NVIC.HardFault_IRQn=true\:0\:0\:false\:false\:true\:true\:false
Mcu.Pin16=PA8
Mcu.Pin13=PC6
Mcu.Pin14=PC8
PC6.GPIOParameters=GPIO_Label
Mcu.Pin19=PC10
ProjectManager.ComputerToolchain=false
Mcu.Pin17=PA10
RCC.HSI_VALUE=16000000
Mcu.Pin18=PA14
RCC.PLLP=RCC_PLLP_DIV4
RCC.PLLQ=7
NVIC.PriorityGroup=NVIC_PRIORITYGROUP_0
Mcu.Pin11=PA7
Mcu.Pin12=PB12
PB8.Mode=I2C
RCC.PLLN=336
Mcu.Pin10=PA6
PA2.Mode=Asynchronous
PB8.Signal=I2C1_SCL
STMicroelectronics.X-CUBE-BLE2.3.2.01.BSP.mode=EXTI
PC8.Locked=true
PA8.Mode=I2C
PC9.Signal=I2C3_SDA
STMicroelectronics.X-CUBE-BLE2.3.2.05.BSP.ip=SPI
RCC.APB1Freq_Value=42000000
ProjectManager.DeviceId=STM32F401RETx
PB12.GPIOParameters=GPIO_Label
PB12.Signal=GPIO_Output
ProjectManager.LibraryCopy=1
STMicroelectronics.X-CUBE-BLE2.3.2.00.BSP.semaphore=
STMicroelectronics.X-CUBE-BLE2.3.2.06.BSP.name=Reset Line
PA7.Signal=SPI1_MOSI
isbadioc=false
